// !$*UTF8*$!
{
	archiveVersion = 1;
	classes = {
	};
	objectVersion = 50;
	objects = {

/* Begin PBXBuildFile section */
		B36BFABE22DE1AE60044AA7C /* AppDelegate.swift in Sources */ = {isa = PBXBuildFile; fileRef = B36BFABD22DE1AE60044AA7C /* AppDelegate.swift */; };
		B36BFAC022DE1AE60044AA7C /* ViewController.swift in Sources */ = {isa = PBXBuildFile; fileRef = B36BFABF22DE1AE60044AA7C /* ViewController.swift */; };
		B36BFAC322DE1AE60044AA7C /* Main.storyboard in Resources */ = {isa = PBXBuildFile; fileRef = B36BFAC122DE1AE60044AA7C /* Main.storyboard */; };
		B36BFAC522DE1AE80044AA7C /* Assets.xcassets in Resources */ = {isa = PBXBuildFile; fileRef = B36BFAC422DE1AE80044AA7C /* Assets.xcassets */; };
		B36BFAC822DE1AE80044AA7C /* LaunchScreen.storyboard in Resources */ = {isa = PBXBuildFile; fileRef = B36BFAC622DE1AE80044AA7C /* LaunchScreen.storyboard */; };
		D106D2E04BB6DCF944B43C1C /* Pods_UIET_Attendance_Tracker.framework in Frameworks */ = {isa = PBXBuildFile; fileRef = E5290E3896A581F7D837F96F /* Pods_UIET_Attendance_Tracker.framework */; };
/* End PBXBuildFile section */

/* Begin PBXFileReference section */
		B36BFABA22DE1AE60044AA7C /* UIET Attendance Tracker.app */ = {isa = PBXFileReference; explicitFileType = wrapper.application; includeInIndex = 0; path = "UIET Attendance Tracker.app"; sourceTree = BUILT_PRODUCTS_DIR; };
		B36BFABD22DE1AE60044AA7C /* AppDelegate.swift */ = {isa = PBXFileReference; lastKnownFileType = sourcecode.swift; path = AppDelegate.swift; sourceTree = "<group>"; };
		B36BFABF22DE1AE60044AA7C /* ViewController.swift */ = {isa = PBXFileReference; lastKnownFileType = sourcecode.swift; path = ViewController.swift; sourceTree = "<group>"; };
		B36BFAC222DE1AE60044AA7C /* Base */ = {isa = PBXFileReference; lastKnownFileType = file.storyboard; name = Base; path = Base.lproj/Main.storyboard; sourceTree = "<group>"; };
		B36BFAC422DE1AE80044AA7C /* Assets.xcassets */ = {isa = PBXFileReference; lastKnownFileType = folder.assetcatalog; path = Assets.xcassets; sourceTree = "<group>"; };
		B36BFAC722DE1AE80044AA7C /* Base */ = {isa = PBXFileReference; lastKnownFileType = file.storyboard; name = Base; path = Base.lproj/LaunchScreen.storyboard; sourceTree = "<group>"; };
		B36BFAC922DE1AE80044AA7C /* Info.plist */ = {isa = PBXFileReference; lastKnownFileType = text.plist.xml; path = Info.plist; sourceTree = "<group>"; };
		E5290E3896A581F7D837F96F /* Pods_UIET_Attendance_Tracker.framework */ = {isa = PBXFileReference; explicitFileType = wrapper.framework; includeInIndex = 0; path = Pods_UIET_Attendance_Tracker.framework; sourceTree = BUILT_PRODUCTS_DIR; };
		E81D1A311C9F2ACDC53F03C3 /* Pods-UIET Attendance Tracker.release.xcconfig */ = {isa = PBXFileReference; includeInIndex = 1; lastKnownFileType = text.xcconfig; name = "Pods-UIET Attendance Tracker.release.xcconfig"; path = "Target Support Files/Pods-UIET Attendance Tracker/Pods-UIET Attendance Tracker.release.xcconfig"; sourceTree = "<group>"; };
		F1E15DFEA3880C48CAF7072E /* Pods-UIET Attendance Tracker.debug.xcconfig */ = {isa = PBXFileReference; includeInIndex = 1; lastKnownFileType = text.xcconfig; name = "Pods-UIET Attendance Tracker.debug.xcconfig"; path = "Target Support Files/Pods-UIET Attendance Tracker/Pods-UIET Attendance Tracker.debug.xcconfig"; sourceTree = "<group>"; };
/* End PBXFileReference section */

/* Begin PBXFrameworksBuildPhase section */
		B36BFAB722DE1AE60044AA7C /* Frameworks */ = {
			isa = PBXFrameworksBuildPhase;
			buildActionMask = 2147483647;
			files = (
				D106D2E04BB6DCF944B43C1C /* Pods_UIET_Attendance_Tracker.framework in Frameworks */,
			);
			runOnlyForDeploymentPostprocessing = 0;
		};
/* End PBXFrameworksBuildPhase section */

/* Begin PBXGroup section */
		0C55C02CADA9DBE39F393C4C /* Frameworks */ = {
			isa = PBXGroup;
			children = (
				E5290E3896A581F7D837F96F /* Pods_UIET_Attendance_Tracker.framework */,
			);
			name = Frameworks;
			sourceTree = "<group>";
		};
		B36BFAB122DE1AE60044AA7C = {
			isa = PBXGroup;
			children = (
				B36BFABC22DE1AE60044AA7C /* UIET Attendance Tracker */,
				B36BFABB22DE1AE60044AA7C /* Products */,
				F4FE399FDE3D072D07C296B1 /* Pods */,
				0C55C02CADA9DBE39F393C4C /* Frameworks */,
			);
			sourceTree = "<group>";
		};
		B36BFABB22DE1AE60044AA7C /* Products */ = {
			isa = PBXGroup;
			children = (
				B36BFABA22DE1AE60044AA7C /* UIET Attendance Tracker.app */,
			);
			name = Products;
			sourceTree = "<group>";
		};
		B36BFABC22DE1AE60044AA7C /* UIET Attendance Tracker */ = {
			isa = PBXGroup;
			children = (
				B36BFABD22DE1AE60044AA7C /* AppDelegate.swift */,
				B36BFABF22DE1AE60044AA7C /* ViewController.swift */,
				B36BFAC122DE1AE60044AA7C /* Main.storyboard */,
				B36BFAC422DE1AE80044AA7C /* Assets.xcassets */,
				B36BFAC622DE1AE80044AA7C /* LaunchScreen.storyboard */,
				B36BFAC922DE1AE80044AA7C /* Info.plist */,
			);
			path = "UIET Attendance Tracker";
			sourceTree = "<group>";
		};
		F4FE399FDE3D072D07C296B1 /* Pods */ = {
			isa = PBXGroup;
			children = (
				F1E15DFEA3880C48CAF7072E /* Pods-UIET Attendance Tracker.debug.xcconfig */,
				E81D1A311C9F2ACDC53F03C3 /* Pods-UIET Attendance Tracker.release.xcconfig */,
			);
			name = Pods;
			path = Pods;
			sourceTree = "<group>";
		};
/* End PBXGroup section */

/* Begin PBXNativeTarget section */
		B36BFAB922DE1AE60044AA7C /* UIET Attendance Tracker */ = {
			isa = PBXNativeTarget;
			buildConfigurationList = B36BFACC22DE1AE80044AA7C /* Build configuration list for PBXNativeTarget "UIET Attendance Tracker" */;
			buildPhases = (
				A11698D0359107015C765ADA /* [CP] Check Pods Manifest.lock */,
				B36BFAB622DE1AE60044AA7C /* Sources */,
				B36BFAB722DE1AE60044AA7C /* Frameworks */,
				B36BFAB822DE1AE60044AA7C /* Resources */,
				EE044FF6C762509479052AF4 /* [CP] Embed Pods Frameworks */,
			);
			buildRules = (
			);
			dependencies = (
			);
			name = "UIET Attendance Tracker";
			productName = "UIET Attendance Tracker";
			productReference = B36BFABA22DE1AE60044AA7C /* UIET Attendance Tracker.app */;
			productType = "com.apple.product-type.application";
		};
/* End PBXNativeTarget section */

/* Begin PBXProject section */
		B36BFAB222DE1AE60044AA7C /* Project object */ = {
			isa = PBXProject;
			attributes = {
				LastSwiftUpdateCheck = 1020;
				LastUpgradeCheck = 1020;
				ORGANIZATIONNAME = "Harshit Jindal";
				TargetAttributes = {
					B36BFAB922DE1AE60044AA7C = {
						CreatedOnToolsVersion = 10.2.1;
					};
				};
			};
			buildConfigurationList = B36BFAB522DE1AE60044AA7C /* Build configuration list for PBXProject "UIET Attendance Tracker" */;
			compatibilityVersion = "Xcode 9.3";
			developmentRegion = en;
			hasScannedForEncodings = 0;
			knownRegions = (
				en,
				Base,
			);
			mainGroup = B36BFAB122DE1AE60044AA7C;
			productRefGroup = B36BFABB22DE1AE60044AA7C /* Products */;
			projectDirPath = "";
			projectRoot = "";
			targets = (
				B36BFAB922DE1AE60044AA7C /* UIET Attendance Tracker */,
			);
		};
/* End PBXProject section */

/* Begin PBXResourcesBuildPhase section */
		B36BFAB822DE1AE60044AA7C /* Resources */ = {
			isa = PBXResourcesBuildPhase;
			buildActionMask = 2147483647;
			files = (
				B36BFAC822DE1AE80044AA7C /* LaunchScreen.storyboard in Resources */,
				B36BFAC522DE1AE80044AA7C /* Assets.xcassets in Resources */,
				B36BFAC322DE1AE60044AA7C /* Main.storyboard in Resources */,
			);
			runOnlyForDeploymentPostprocessing = 0;
		};
/* End PBXResourcesBuildPhase section */

/* Begin PBXShellScriptBuildPhase section */
		A11698D0359107015C765ADA /* [CP] Check Pods Manifest.lock */ = {
			isa = PBXShellScriptBuildPhase;
			buildActionMask = 2147483647;
			files = (
			);
			inputFileListPaths = (
			);
			inputPaths = (
				"${PODS_PODFILE_DIR_PATH}/Podfile.lock",
				"${PODS_ROOT}/Manifest.lock",
			);
			name = "[CP] Check Pods Manifest.lock";
			outputFileListPaths = (
			);
			outputPaths = (
				"$(DERIVED_FILE_DIR)/Pods-UIET Attendance Tracker-checkManifestLockResult.txt",
			);
			runOnlyForDeploymentPostprocessing = 0;
			shellPath = /bin/sh;
			shellScript = "diff \"${PODS_PODFILE_DIR_PATH}/Podfile.lock\" \"${PODS_ROOT}/Manifest.lock\" > /dev/null\nif [ $? != 0 ] ; then\n    # print error to STDERR\n    echo \"error: The sandbox is not in sync with the Podfile.lock. Run 'pod install' or update your CocoaPods installation.\" >&2\n    exit 1\nfi\n# This output is used by Xcode 'outputs' to avoid re-running this script phase.\necho \"SUCCESS\" > \"${SCRIPT_OUTPUT_FILE_0}\"\n";
			showEnvVarsInLog = 0;
		};
		EE044FF6C762509479052AF4 /* [CP] Embed Pods Frameworks */ = {
			isa = PBXShellScriptBuildPhase;
			buildActionMask = 2147483647;
			files = (
			);
			inputFileListPaths = (
				"${PODS_ROOT}/Target Support Files/Pods-UIET Attendance Tracker/Pods-UIET Attendance Tracker-frameworks-${CONFIGURATION}-input-files.xcfilelist",
			);
			name = "[CP] Embed Pods Frameworks";
			outputFileListPaths = (
				"${PODS_ROOT}/Target Support Files/Pods-UIET Attendance Tracker/Pods-UIET Attendance Tracker-frameworks-${CONFIGURATION}-output-files.xcfilelist",
			);
			runOnlyForDeploymentPostprocessing = 0;
			shellPath = /bin/sh;
			shellScript = "\"${PODS_ROOT}/Target Support Files/Pods-UIET Attendance Tracker/Pods-UIET Attendance Tracker-frameworks.sh\"\n";
			showEnvVarsInLog = 0;
		};
/* End PBXShellScriptBuildPhase section */

/* Begin PBXSourcesBuildPhase section */
		B36BFAB622DE1AE60044AA7C /* Sources */ = {
			isa = PBXSourcesBuildPhase;
			buildActionMask = 2147483647;
			files = (
				B36BFAC022DE1AE60044AA7C /* ViewController.swift in Sources */,
				B36BFABE22DE1AE60044AA7C /* AppDelegate.swift in Sources */,
			);
			runOnlyForDeploymentPostprocessing = 0;
		};
/* End PBXSourcesBuildPhase section */

/* Begin PBXVariantGroup section */
		B36BFAC122DE1AE60044AA7C /* Main.storyboard */ = {
			isa = PBXVariantGroup;
			children = (
				B36BFAC222DE1AE60044AA7C /* Base */,
			);
			name = Main.storyboard;
			sourceTree = "<group>";
		};
		B36BFAC622DE1AE80044AA7C /* LaunchScreen.storyboard */ = {
			isa = PBXVariantGroup;
			children = (
				B36BFAC722DE1AE80044AA7C /* Base */,
			);
			name = LaunchScreen.storyboard;
			sourceTree = "<group>";
		};
/* End PBXVariantGroup section */

/* Begin XCBuildConfiguration section */
		B36BFACA22DE1AE80044AA7C /* Debug */ = {
			isa = XCBuildConfiguration;
			buildSettings = {
				ALWAYS_SEARCH_USER_PATHS = NO;
				CLANG_ANALYZER_NONNULL = YES;
				CLANG_ANALYZER_NUMBER_OBJECT_CONVERSION = YES_AGGRESSIVE;
				CLANG_CXX_LANGUAGE_STANDARD = "gnu++14";
				CLANG_CXX_LIBRARY = "libc++";
				CLANG_ENABLE_MODULES = YES;
				CLANG_ENABLE_OBJC_ARC = YES;
				CLANG_ENABLE_OBJC_WEAK = YES;
				CLANG_WARN_BLOCK_CAPTURE_AUTORELEASING = YES;
				CLANG_WARN_BOOL_CONVERSION = YES;
				CLANG_WARN_COMMA = YES;
				CLANG_WARN_CONSTANT_CONVERSION = YES;
				CLANG_WARN_DEPRECATED_OBJC_IMPLEMENTATIONS = YES;
				CLANG_WARN_DIRECT_OBJC_ISA_USAGE = YES_ERROR;
				CLANG_WARN_DOCUMENTATION_COMMENTS = YES;
				CLANG_WARN_EMPTY_BODY = YES;
				CLANG_WARN_ENUM_CONVERSION = YES;
				CLANG_WARN_INFINITE_RECURSION = YES;
				CLANG_WARN_INT_CONVERSION = YES;
				CLANG_WARN_NON_LITERAL_NULL_CONVERSION = YES;
				CLANG_WARN_OBJC_IMPLICIT_RETAIN_SELF = YES;
				CLANG_WARN_OBJC_LITERAL_CONVERSION = YES;
				CLANG_WARN_OBJC_ROOT_CLASS = YES_ERROR;
				CLANG_WARN_RANGE_LOOP_ANALYSIS = YES;
				CLANG_WARN_STRICT_PROTOTYPES = YES;
				CLANG_WARN_SUSPICIOUS_MOVE = YES;
				CLANG_WARN_UNGUARDED_AVAILABILITY = YES_AGGRESSIVE;
				CLANG_WARN_UNREACHABLE_CODE = YES;
				CLANG_WARN__DUPLICATE_METHOD_MATCH = YES;
				CODE_SIGN_IDENTITY = "iPhone Developer";
				COPY_PHASE_STRIP = NO;
				DEBUG_INFORMATION_FORMAT = dwarf;
				ENABLE_STRICT_OBJC_MSGSEND = YES;
				ENABLE_TESTABILITY = YES;
				GCC_C_LANGUAGE_STANDARD = gnu11;
				GCC_DYNAMIC_NO_PIC = NO;
				GCC_NO_COMMON_BLOCKS = YES;
				GCC_OPTIMIZATION_LEVEL = 0;
				GCC_PREPROCESSOR_DEFINITIONS = (
					"DEBUG=1",
					"$(inherited)",
				);
				GCC_WARN_64_TO_32_BIT_CONVERSION = YES;
				GCC_WARN_ABOUT_RETURN_TYPE = YES_ERROR;
				GCC_WARN_UNDECLARED_SELECTOR = YES;
				GCC_WARN_UNINITIALIZED_AUTOS = YES_AGGRESSIVE;
				GCC_WARN_UNUSED_FUNCTION = YES;
				GCC_WARN_UNUSED_VARIABLE = YES;
				IPHONEOS_DEPLOYMENT_TARGET = 12.2;
				MTL_ENABLE_DEBUG_INFO = INCLUDE_SOURCE;
				MTL_FAST_MATH = YES;
				ONLY_ACTIVE_ARCH = YES;
				SDKROOT = iphoneos;
				SWIFT_ACTIVE_COMPILATION_CONDITIONS = DEBUG;
				SWIFT_OPTIMIZATION_LEVEL = "-Onone";
			};
			name = Debug;
		};
		B36BFACB22DE1AE80044AA7C /* Release */ = {
			isa = XCBuildConfiguration;
			buildSettings = {
				ALWAYS_SEARCH_USER_PATHS = NO;
				CLANG_ANALYZER_NONNULL = YES;
				CLANG_ANALYZER_NUMBER_OBJECT_CONVERSION = YES_AGGRESSIVE;
				CLANG_CXX_LANGUAGE_STANDARD = "gnu++14";
				CLANG_CXX_LIBRARY = "libc++";
				CLANG_ENABLE_MODULES = YES;
				CLANG_ENABLE_OBJC_ARC = YES;
				CLANG_ENABLE_OBJC_WEAK = YES;
				CLANG_WARN_BLOCK_CAPTURE_AUTORELEASING = YES;
				CLANG_WARN_BOOL_CONVERSION = YES;
				CLANG_WARN_COMMA = YES;
				CLANG_WARN_CONSTANT_CONVERSION = YES;
				CLANG_WARN_DEPRECATED_OBJC_IMPLEMENTATIONS = YES;
				CLANG_WARN_DIRECT_OBJC_ISA_USAGE = YES_ERROR;
				CLANG_WARN_DOCUMENTATION_COMMENTS = YES;
				CLANG_WARN_EMPTY_BODY = YES;
				CLANG_WARN_ENUM_CONVERSION = YES;
				CLANG_WARN_INFINITE_RECURSION = YES;
				CLANG_WARN_INT_CONVERSION = YES;
				CLANG_WARN_NON_LITERAL_NULL_CONVERSION = YES;
				CLANG_WARN_OBJC_IMPLICIT_RETAIN_SELF = YES;
				CLANG_WARN_OBJC_LITERAL_CONVERSION = YES;
				CLANG_WARN_OBJC_ROOT_CLASS = YES_ERROR;
				CLANG_WARN_RANGE_LOOP_ANALYSIS = YES;
				CLANG_WARN_STRICT_PROTOTYPES = YES;
				CLANG_WARN_SUSPICIOUS_MOVE = YES;
				CLANG_WARN_UNGUARDED_AVAILABILITY = YES_AGGRESSIVE;
				CLANG_WARN_UNREACHABLE_CODE = YES;
				CLANG_WARN__DUPLICATE_METHOD_MATCH = YES;
				CODE_SIGN_IDENTITY = "iPhone Developer";
				COPY_PHASE_STRIP = NO;
				DEBUG_INFORMATION_FORMAT = "dwarf-with-dsym";
				ENABLE_NS_ASSERTIONS = NO;
				ENABLE_STRICT_OBJC_MSGSEND = YES;
				GCC_C_LANGUAGE_STANDARD = gnu11;
				GCC_NO_COMMON_BLOCKS = YES;
				GCC_WARN_64_TO_32_BIT_CONVERSION = YES;
				GCC_WARN_ABOUT_RETURN_TYPE = YES_ERROR;
				GCC_WARN_UNDECLARED_SELECTOR = YES;
				GCC_WARN_UNINITIALIZED_AUTOS = YES_AGGRESSIVE;
				GCC_WARN_UNUSED_FUNCTION = YES;
				GCC_WARN_UNUSED_VARIABLE = YES;
				IPHONEOS_DEPLOYMENT_TARGET = 12.2;
				MTL_ENABLE_DEBUG_INFO = NO;
				MTL_FAST_MATH = YES;
				SDKROOT = iphoneos;
				SWIFT_COMPILATION_MODE = wholemodule;
				SWIFT_OPTIMIZATION_LEVEL = "-O";
				VALIDATE_PRODUCT = YES;
			};
			name = Release;
		};
		B36BFACD22DE1AE80044AA7C /* Debug */ = {
			isa = XCBuildConfiguration;
			baseConfigurationReference = F1E15DFEA3880C48CAF7072E /* Pods-UIET Attendance Tracker.debug.xcconfig */;
			buildSettings = {
				ASSETCATALOG_COMPILER_APPICON_NAME = AppIcon;
				CODE_SIGN_STYLE = Automatic;
				INFOPLIST_FILE = "UIET Attendance Tracker/Info.plist";
				LD_RUNPATH_SEARCH_PATHS = (
					"$(inherited)",
					"@executable_path/Frameworks",
				);
				PRODUCT_BUNDLE_IDENTIFIER = "com.harshitjindal.UIET-Attendance-Tracker";
				PRODUCT_NAME = "$(TARGET_NAME)";
				SWIFT_VERSION = 5.0;
				TARGETED_DEVICE_FAMILY = "1,2";
			};
			name = Debug;
		};
		B36BFACE22DE1AE80044AA7C /* Release */ = {
			isa = XCBuildConfiguration;
			baseConfigurationReference = E81D1A311C9F2ACDC53F03C3 /* Pods-UIET Attendance Tracker.release.xcconfig */;
			buildSettings = {
				ASSETCATALOG_COMPILER_APPICON_NAME = AppIcon;
				CODE_SIGN_STYLE = Automatic;
				INFOPLIST_FILE = "UIET Attendance Tracker/Info.plist";
				LD_RUNPATH_SEARCH_PATHS = (
					"$(inherited)",
					"@executable_path/Frameworks",
				);
				PRODUCT_BUNDLE_IDENTIFIER = "com.harshitjindal.UIET-Attendance-Tracker";
				PRODUCT_NAME = "$(TARGET_NAME)";
				SWIFT_VERSION = 5.0;
				TARGETED_DEVICE_FAMILY = "1,2";
			};
			name = Release;
		};
/* End XCBuildConfiguration section */

/* Begin XCConfigurationList section */
		B36BFAB522DE1AE60044AA7C /* Build configuration list for PBXProject "UIET Attendance Tracker" */ = {
			isa = XCConfigurationList;
			buildConfigurations = (
				B36BFACA22DE1AE80044AA7C /* Debug */,
				B36BFACB22DE1AE80044AA7C /* Release */,
			);
			defaultConfigurationIsVisible = 0;
			defaultConfigurationName = Release;
		};
		B36BFACC22DE1AE80044AA7C /* Build configuration list for PBXNativeTarget "UIET Attendance Tracker" */ = {
			isa = XCConfigurationList;
			buildConfigurations = (
				B36BFACD22DE1AE80044AA7C /* Debug */,
				B36BFACE22DE1AE80044AA7C /* Release */,
			);
			defaultConfigurationIsVisible = 0;
			defaultConfigurationName = Release;
		};
/* End XCConfigurationList section */
	};
	rootObject = B36BFAB222DE1AE60044AA7C /* Project object */;
}
